
Microsoft Visual Studio Solution File, Format Version 12.00
# Visual Studio Version 17
VisualStudioVersion = 17.11.35327.3
MinimumVisualStudioVersion = 10.0.40219.1
Project("{FAE04EC0-301F-11D3-BF4B-00C04F79EFBC}") = "ConsumirPrimeraApi", "ConsumirPrimeraApi\ConsumirPrimeraApi.csproj", "{38DBF540-E012-4BDE-85A0-BB94ABFD02E8}"
EndProject
Global
	GlobalSection(SolutionConfigurationPlatforms) = preSolution
		Debug|Any CPU = Debug|Any CPU
		Release|Any CPU = Release|Any CPU
	EndGlobalSection
	GlobalSection(ProjectConfigurationPlatforms) = postSolution
		{38DBF540-E012-4BDE-85A0-BB94ABFD02E8}.Debug|Any CPU.ActiveCfg = Debug|Any CPU
		{38DBF540-E012-4BDE-85A0-BB94ABFD02E8}.Debug|Any CPU.Build.0 = Debug|Any CPU
		{38DBF540-E012-4BDE-85A0-BB94ABFD02E8}.Release|Any CPU.ActiveCfg = Release|Any CPU
		{38DBF540-E012-4BDE-85A0-BB94ABFD02E8}.Release|Any CPU.Build.0 = Release|Any CPU
	EndGlobalSection
	GlobalSection(SolutionProperties) = preSolution
		HideSolutionNode = FALSE
	EndGlobalSection
	GlobalSection(ExtensibilityGlobals) = postSolution
		SolutionGuid = {79FF185E-51AB-41BD-B6E8-C0F4AE08F336}
	EndGlobalSection
EndGlobal
